
Microsoft Visual Studio Solution File, Format Version 12.00
# Visual Studio Version 16
VisualStudioVersion = 16.0.33214.272
MinimumVisualStudioVersion = 10.0.40219.1
Project("{FAE04EC0-301F-11D3-BF4B-00C04F79EFBC}") = "String_Metotlar", "String_Metotlar\String_Metotlar.csproj", "{C55BA438-1F87-4F70-A7C8-BFF3C13585FF}"
EndProject
Global
	GlobalSection(SolutionConfigurationPlatforms) = preSolution
		Debug|Any CPU = Debug|Any CPU
		Release|Any CPU = Release|Any CPU
	EndGlobalSection
	GlobalSection(ProjectConfigurationPlatforms) = postSolution
		{C55BA438-1F87-4F70-A7C8-BFF3C13585FF}.Debug|Any CPU.ActiveCfg = Debug|Any CPU
		{C55BA438-1F87-4F70-A7C8-BFF3C13585FF}.Debug|Any CPU.Build.0 = Debug|Any CPU
		{C55BA438-1F87-4F70-A7C8-BFF3C13585FF}.Release|Any CPU.ActiveCfg = Release|Any CPU
		{C55BA438-1F87-4F70-A7C8-BFF3C13585FF}.Release|Any CPU.Build.0 = Release|Any CPU
	EndGlobalSection
	GlobalSection(SolutionProperties) = preSolution
		HideSolutionNode = FALSE
	EndGlobalSection
	GlobalSection(ExtensibilityGlobals) = postSolution
		SolutionGuid = {A32DED4B-8BDA-438E-B2DC-C2B09B54B37E}
	EndGlobalSection
EndGlobal
