
Microsoft Visual Studio Solution File, Format Version 12.00
# Visual Studio Version 16
VisualStudioVersion = 16.0.33214.272
MinimumVisualStudioVersion = 10.0.40219.1
Project("{FAE04EC0-301F-11D3-BF4B-00C04F79EFBC}") = "Diziler_Console", "Diziler_Console\Diziler_Console.csproj", "{0AB65D73-602C-4FFF-BF51-CF527B3D5E70}"
EndProject
Global
	GlobalSection(SolutionConfigurationPlatforms) = preSolution
		Debug|Any CPU = Debug|Any CPU
		Release|Any CPU = Release|Any CPU
	EndGlobalSection
	GlobalSection(ProjectConfigurationPlatforms) = postSolution
		{0AB65D73-602C-4FFF-BF51-CF527B3D5E70}.Debug|Any CPU.ActiveCfg = Debug|Any CPU
		{0AB65D73-602C-4FFF-BF51-CF527B3D5E70}.Debug|Any CPU.Build.0 = Debug|Any CPU
		{0AB65D73-602C-4FFF-BF51-CF527B3D5E70}.Release|Any CPU.ActiveCfg = Release|Any CPU
		{0AB65D73-602C-4FFF-BF51-CF527B3D5E70}.Release|Any CPU.Build.0 = Release|Any CPU
	EndGlobalSection
	GlobalSection(SolutionProperties) = preSolution
		HideSolutionNode = FALSE
	EndGlobalSection
	GlobalSection(ExtensibilityGlobals) = postSolution
		SolutionGuid = {34CA283D-D57E-4591-977F-A1F1885DDA25}
	EndGlobalSection
EndGlobal
